<?xml version="1.0" encoding="UTF-8" standalone="yes" ?>
<CodeBlocks_project_file>
	<FileVersion major="1" minor="6" />
	<Project>
		<Option title="cppGraphismTest" />
		<Option pch_mode="2" />
		<Option compiler="gcc" />
		<Build>
			<Target title="Debug">
				<Option output="bin/Debug/cppGraphismTest" prefix_auto="1" extension_auto="1" />
				<Option object_output="obj/Debug/" />
				<Option type="1" />
				<Option compiler="gcc" />
				<Compiler>
					<Add option="-g" />
				</Compiler>
			</Target>
			<Target title="Release">
				<Option output="bin/Release/cppGraphismTest" prefix_auto="1" extension_auto="1" />
				<Option object_output="obj/Release/" />
				<Option type="1" />
				<Option compiler="gcc" />
				<Compiler>
					<Add option="-O2" />
					<Add option="-std=c++11" />
				</Compiler>
				<Linker>
					<Add option="-s" />
					<Add option="-lbgi -lgdi32 -lcomdlg32 -luuid -loleaut32 -lole32" />
					<Add library="C:/Program Files (x86)/CodeBlocks/MinGW/lib/libbgi.a" />
				</Linker>
			</Target>
		</Build>
		<Compiler>
			<Add option="-Wall" />
			<Add option="-std=c++11" />
			<Add option="-fexceptions" />
			<Add directory="F:/c++Graphism/libcgbi" />
		</Compiler>
		<Linker>
			<Add option="-lbgi -lgdi32 -lcomdlg32 -luuid -loleaut32 -lole32 -lcgbi" />
			<Add library="C:/Program Files (x86)/CodeBlocks/MinGW/lib/libbgi.a" />
			<Add library="C:/Program Files (x86)/CodeBlocks/MinGW/lib/libcgbi.a" />
		</Linker>
		<Unit filename="BGIWrapper.h" />
		<Unit filename="main.cpp" />
		<Extensions>
			<code_completion />
			<envvars />
			<debugger />
		</Extensions>
	</Project>
</CodeBlocks_project_file>
